
Microsoft Visual Studio Solution File, Format Version 12.00
# Visual Studio 15
VisualStudioVersion = 15.0.28010.2003
MinimumVisualStudioVersion = 10.0.40219.1
Project("{FAE04EC0-301F-11D3-BF4B-00C04F79EFBC}") = "TallerAPI.Xamarin.Android", "TallerAPI.Xamarin\TallerAPI.Xamarin.Android\TallerAPI.Xamarin.Android.csproj", "{C6B7CE0F-8197-49D3-82A5-19D673862532}"
EndProject
Project("{FAE04EC0-301F-11D3-BF4B-00C04F79EFBC}") = "TallerAPI.Xamarin", "TallerAPI.Xamarin\TallerAPI.Xamarin\TallerAPI.Xamarin.csproj", "{2AE5C742-05DC-4C31-93F6-5D3E73DB9E19}"
EndProject
Global
	GlobalSection(SolutionConfigurationPlatforms) = preSolution
		Debug|Any CPU = Debug|Any CPU
		Release|Any CPU = Release|Any CPU
	EndGlobalSection
	GlobalSection(ProjectConfigurationPlatforms) = postSolution
		{C6B7CE0F-8197-49D3-82A5-19D673862532}.Debug|Any CPU.ActiveCfg = Debug|Any CPU
		{C6B7CE0F-8197-49D3-82A5-19D673862532}.Debug|Any CPU.Build.0 = Debug|Any CPU
		{C6B7CE0F-8197-49D3-82A5-19D673862532}.Debug|Any CPU.Deploy.0 = Debug|Any CPU
		{C6B7CE0F-8197-49D3-82A5-19D673862532}.Release|Any CPU.ActiveCfg = Release|Any CPU
		{C6B7CE0F-8197-49D3-82A5-19D673862532}.Release|Any CPU.Build.0 = Release|Any CPU
		{C6B7CE0F-8197-49D3-82A5-19D673862532}.Release|Any CPU.Deploy.0 = Release|Any CPU
		{2AE5C742-05DC-4C31-93F6-5D3E73DB9E19}.Debug|Any CPU.ActiveCfg = Debug|Any CPU
		{2AE5C742-05DC-4C31-93F6-5D3E73DB9E19}.Debug|Any CPU.Build.0 = Debug|Any CPU
		{2AE5C742-05DC-4C31-93F6-5D3E73DB9E19}.Debug|Any CPU.Deploy.0 = Debug|Any CPU
		{2AE5C742-05DC-4C31-93F6-5D3E73DB9E19}.Release|Any CPU.ActiveCfg = Release|Any CPU
		{2AE5C742-05DC-4C31-93F6-5D3E73DB9E19}.Release|Any CPU.Build.0 = Release|Any CPU
		{2AE5C742-05DC-4C31-93F6-5D3E73DB9E19}.Release|Any CPU.Deploy.0 = Release|Any CPU
	EndGlobalSection
	GlobalSection(SolutionProperties) = preSolution
		HideSolutionNode = FALSE
	EndGlobalSection
	GlobalSection(ExtensibilityGlobals) = postSolution
		SolutionGuid = {A5D5B8D6-942B-49E3-817B-6E17B4948635}
	EndGlobalSection
EndGlobal
